
Microsoft Visual Studio Solution File, Format Version 12.00
# Visual Studio 15
VisualStudioVersion = 15.0.28307.329
MinimumVisualStudioVersion = 10.0.40219.1
Project("{8BC9CEB8-8B4A-11D0-8D11-00A0C91BC942}") = "1", "Rozdział 11\1\1.vcxproj", "{471AC9C8-F21C-40EE-B814-A6D8AF9C9FEC}"
EndProject
Project("{2150E333-8FDC-42A3-9474-1A3956D46DE8}") = "Rozdział 11", "Rozdział 11", "{C2923688-D97A-4618-81A3-32E531C6545E}"
EndProject
Project("{8BC9CEB8-8B4A-11D0-8D11-00A0C91BC942}") = "1", "Rozdzial 12\1\1.vcxproj", "{30B0539C-1D58-45A1-8319-36B96BB08811}"
EndProject
Project("{2150E333-8FDC-42A3-9474-1A3956D46DE8}") = "Rozdział 12", "Rozdział 12", "{9AB042BA-A5CF-4811-BDF8-4E710A8E77E3}"
EndProject
Project("{8BC9CEB8-8B4A-11D0-8D11-00A0C91BC942}") = "1", "Rozdział 13\1\1.vcxproj", "{97D104A2-F861-4B5C-B36A-5DFD561338BC}"
EndProject
Project("{2150E333-8FDC-42A3-9474-1A3956D46DE8}") = "Rozdział 13", "Rozdział 13", "{9A8CF494-CAB5-49C2-A3C5-7FD7015C2CFD}"
EndProject
Project("{2150E333-8FDC-42A3-9474-1A3956D46DE8}") = "Rozdział 14", "Rozdział 14", "{A41E736A-2CBC-49D7-9FB8-2D05D70EAF31}"
EndProject
Project("{8BC9CEB8-8B4A-11D0-8D11-00A0C91BC942}") = "1", "Rozdział 14\1\1.vcxproj", "{3D00680A-E304-4215-8B5F-63A78154B52F}"
EndProject
Project("{8BC9CEB8-8B4A-11D0-8D11-00A0C91BC942}") = "2", "Rozdział 11\2\2.vcxproj", "{2DF4B91C-E6B2-404B-99ED-A78D32576283}"
EndProject
Project("{8BC9CEB8-8B4A-11D0-8D11-00A0C91BC942}") = "3", "Rozdział 11\3\3.vcxproj", "{5DCBF63D-FB85-4E27-8C82-CD6809FC6AC6}"
EndProject
Project("{8BC9CEB8-8B4A-11D0-8D11-00A0C91BC942}") = "4", "Rozdział 11\4\4.vcxproj", "{F015990E-A22C-4A08-B958-6D8F344A63EE}"
EndProject
Project("{8BC9CEB8-8B4A-11D0-8D11-00A0C91BC942}") = "5", "Rozdział 11\5\5.vcxproj", "{9A7296EE-0079-406F-99C8-0BED1CB81FB0}"
EndProject
Project("{8BC9CEB8-8B4A-11D0-8D11-00A0C91BC942}") = "6", "Rozdział 11\6\6.vcxproj", "{DC173EEA-61B6-427E-A917-5E06CD4F4B41}"
EndProject
Project("{8BC9CEB8-8B4A-11D0-8D11-00A0C91BC942}") = "7", "Rozdział 11\7\7.vcxproj", "{79E68182-77DB-4462-84EB-6BAED214208E}"
EndProject
Project("{8BC9CEB8-8B4A-11D0-8D11-00A0C91BC942}") = "vector", "Rozdział 11\vector\vector.vcxproj", "{637EF9C6-141B-49C5-9E71-964C76C9165B}"
EndProject
Project("{8BC9CEB8-8B4A-11D0-8D11-00A0C91BC942}") = "liczby_pseudolosowe", "Rozdział 11\liczby_pseudolosowe\liczby_pseudolosowe.vcxproj", "{4B9CCF2F-29E9-4916-BAEC-C3EBD41B5FDA}"
EndProject
Project("{8BC9CEB8-8B4A-11D0-8D11-00A0C91BC942}") = "2", "Rozdzial 12\2\2.vcxproj", "{56A379A4-7E4E-4593-8E58-31AA3545997F}"
EndProject
Project("{8BC9CEB8-8B4A-11D0-8D11-00A0C91BC942}") = "3", "Rozdzial 12\3\3.vcxproj", "{AEF54A36-8FCF-43A3-8057-010A0B1D4130}"
EndProject
Project("{8BC9CEB8-8B4A-11D0-8D11-00A0C91BC942}") = "4", "Rozdzial 12\4\4.vcxproj", "{C78C27AC-EEAF-49BA-99F1-291CC55109D4}"
EndProject
Project("{8BC9CEB8-8B4A-11D0-8D11-00A0C91BC942}") = "5", "Rozdzial 12\5\5.vcxproj", "{609822E6-057C-48AB-85E7-710B4C7BEADE}"
EndProject
Project("{8BC9CEB8-8B4A-11D0-8D11-00A0C91BC942}") = "6", "Rozdzial 12\6\6.vcxproj", "{38FC8753-7F7B-4DB4-B625-B922BD743D59}"
EndProject
Project("{8BC9CEB8-8B4A-11D0-8D11-00A0C91BC942}") = "2", "Rozdział 13\2\2.vcxproj", "{543205C0-9C6A-4A92-AC58-E37EBF0EA653}"
EndProject
Project("{8BC9CEB8-8B4A-11D0-8D11-00A0C91BC942}") = "3", "Rozdział 13\3\3.vcxproj", "{2A806089-9CD6-4DED-BA3A-1E6C11633E2C}"
EndProject
Project("{8BC9CEB8-8B4A-11D0-8D11-00A0C91BC942}") = "4", "Rozdział 13\4\4.vcxproj", "{0AF4D02B-AB5F-4D14-A98D-987E69E21616}"
EndProject
Project("{8BC9CEB8-8B4A-11D0-8D11-00A0C91BC942}") = "2", "Rozdział 14\2\2.vcxproj", "{4AFE3D07-8769-4760-9F65-66CDC8D279B0}"
EndProject
Project("{8BC9CEB8-8B4A-11D0-8D11-00A0C91BC942}") = "3", "Rozdział 14\3\3.vcxproj", "{1DC6F2D1-E5C7-4440-939F-D187AE959BF0}"
EndProject
Project("{2150E333-8FDC-42A3-9474-1A3956D46DE8}") = "Rozdział 10", "Rozdział 10", "{D7DA6A3B-FAA0-44E2-96D5-10C2FA693D38}"
EndProject
Project("{8BC9CEB8-8B4A-11D0-8D11-00A0C91BC942}") = "1", "Rozdział 10\1\1.vcxproj", "{34C8BA52-3727-465F-B06F-BF090A1657A0}"
EndProject
Project("{8BC9CEB8-8B4A-11D0-8D11-00A0C91BC942}") = "2", "Rozdział 10\2\2.vcxproj", "{6B33437A-5C9E-4148-AD26-6BEAE486AE13}"
EndProject
Project("{8BC9CEB8-8B4A-11D0-8D11-00A0C91BC942}") = "3", "Rozdział 10\3\3.vcxproj", "{83CE5BF0-D679-4BC3-AE73-144FC405C5C7}"
EndProject
Project("{8BC9CEB8-8B4A-11D0-8D11-00A0C91BC942}") = "1", "Rozdział 9\1\1.vcxproj", "{F3FFD3F0-2A14-4B53-9600-0BEF019E2FE0}"
EndProject
Project("{2150E333-8FDC-42A3-9474-1A3956D46DE8}") = "Rozdział 9", "Rozdział 9", "{8A121180-755B-4AA9-AEFC-929F5263327C}"
EndProject
Global
	GlobalSection(SolutionConfigurationPlatforms) = preSolution
		Debug|x64 = Debug|x64
		Debug|x86 = Debug|x86
		Release|x64 = Release|x64
		Release|x86 = Release|x86
	EndGlobalSection
	GlobalSection(ProjectConfigurationPlatforms) = postSolution
		{471AC9C8-F21C-40EE-B814-A6D8AF9C9FEC}.Debug|x64.ActiveCfg = Debug|x64
		{471AC9C8-F21C-40EE-B814-A6D8AF9C9FEC}.Debug|x64.Build.0 = Debug|x64
		{471AC9C8-F21C-40EE-B814-A6D8AF9C9FEC}.Debug|x86.ActiveCfg = Debug|Win32
		{471AC9C8-F21C-40EE-B814-A6D8AF9C9FEC}.Debug|x86.Build.0 = Debug|Win32
		{471AC9C8-F21C-40EE-B814-A6D8AF9C9FEC}.Release|x64.ActiveCfg = Release|x64
		{471AC9C8-F21C-40EE-B814-A6D8AF9C9FEC}.Release|x64.Build.0 = Release|x64
		{471AC9C8-F21C-40EE-B814-A6D8AF9C9FEC}.Release|x86.ActiveCfg = Release|Win32
		{471AC9C8-F21C-40EE-B814-A6D8AF9C9FEC}.Release|x86.Build.0 = Release|Win32
		{30B0539C-1D58-45A1-8319-36B96BB08811}.Debug|x64.ActiveCfg = Debug|x64
		{30B0539C-1D58-45A1-8319-36B96BB08811}.Debug|x64.Build.0 = Debug|x64
		{30B0539C-1D58-45A1-8319-36B96BB08811}.Debug|x86.ActiveCfg = Debug|Win32
		{30B0539C-1D58-45A1-8319-36B96BB08811}.Debug|x86.Build.0 = Debug|Win32
		{30B0539C-1D58-45A1-8319-36B96BB08811}.Release|x64.ActiveCfg = Release|x64
		{30B0539C-1D58-45A1-8319-36B96BB08811}.Release|x64.Build.0 = Release|x64
		{30B0539C-1D58-45A1-8319-36B96BB08811}.Release|x86.ActiveCfg = Release|Win32
		{30B0539C-1D58-45A1-8319-36B96BB08811}.Release|x86.Build.0 = Release|Win32
		{97D104A2-F861-4B5C-B36A-5DFD561338BC}.Debug|x64.ActiveCfg = Debug|x64
		{97D104A2-F861-4B5C-B36A-5DFD561338BC}.Debug|x64.Build.0 = Debug|x64
		{97D104A2-F861-4B5C-B36A-5DFD561338BC}.Debug|x86.ActiveCfg = Debug|Win32
		{97D104A2-F861-4B5C-B36A-5DFD561338BC}.Debug|x86.Build.0 = Debug|Win32
		{97D104A2-F861-4B5C-B36A-5DFD561338BC}.Release|x64.ActiveCfg = Release|x64
		{97D104A2-F861-4B5C-B36A-5DFD561338BC}.Release|x64.Build.0 = Release|x64
		{97D104A2-F861-4B5C-B36A-5DFD561338BC}.Release|x86.ActiveCfg = Release|Win32
		{97D104A2-F861-4B5C-B36A-5DFD561338BC}.Release|x86.Build.0 = Release|Win32
		{3D00680A-E304-4215-8B5F-63A78154B52F}.Debug|x64.ActiveCfg = Debug|x64
		{3D00680A-E304-4215-8B5F-63A78154B52F}.Debug|x64.Build.0 = Debug|x64
		{3D00680A-E304-4215-8B5F-63A78154B52F}.Debug|x86.ActiveCfg = Debug|Win32
		{3D00680A-E304-4215-8B5F-63A78154B52F}.Debug|x86.Build.0 = Debug|Win32
		{3D00680A-E304-4215-8B5F-63A78154B52F}.Release|x64.ActiveCfg = Release|x64
		{3D00680A-E304-4215-8B5F-63A78154B52F}.Release|x64.Build.0 = Release|x64
		{3D00680A-E304-4215-8B5F-63A78154B52F}.Release|x86.ActiveCfg = Release|Win32
		{3D00680A-E304-4215-8B5F-63A78154B52F}.Release|x86.Build.0 = Release|Win32
		{2DF4B91C-E6B2-404B-99ED-A78D32576283}.Debug|x64.ActiveCfg = Debug|x64
		{2DF4B91C-E6B2-404B-99ED-A78D32576283}.Debug|x64.Build.0 = Debug|x64
		{2DF4B91C-E6B2-404B-99ED-A78D32576283}.Debug|x86.ActiveCfg = Debug|Win32
		{2DF4B91C-E6B2-404B-99ED-A78D32576283}.Debug|x86.Build.0 = Debug|Win32
		{2DF4B91C-E6B2-404B-99ED-A78D32576283}.Release|x64.ActiveCfg = Release|x64
		{2DF4B91C-E6B2-404B-99ED-A78D32576283}.Release|x64.Build.0 = Release|x64
		{2DF4B91C-E6B2-404B-99ED-A78D32576283}.Release|x86.ActiveCfg = Release|Win32
		{2DF4B91C-E6B2-404B-99ED-A78D32576283}.Release|x86.Build.0 = Release|Win32
		{5DCBF63D-FB85-4E27-8C82-CD6809FC6AC6}.Debug|x64.ActiveCfg = Debug|x64
		{5DCBF63D-FB85-4E27-8C82-CD6809FC6AC6}.Debug|x64.Build.0 = Debug|x64
		{5DCBF63D-FB85-4E27-8C82-CD6809FC6AC6}.Debug|x86.ActiveCfg = Debug|Win32
		{5DCBF63D-FB85-4E27-8C82-CD6809FC6AC6}.Debug|x86.Build.0 = Debug|Win32
		{5DCBF63D-FB85-4E27-8C82-CD6809FC6AC6}.Release|x64.ActiveCfg = Release|x64
		{5DCBF63D-FB85-4E27-8C82-CD6809FC6AC6}.Release|x64.Build.0 = Release|x64
		{5DCBF63D-FB85-4E27-8C82-CD6809FC6AC6}.Release|x86.ActiveCfg = Release|Win32
		{5DCBF63D-FB85-4E27-8C82-CD6809FC6AC6}.Release|x86.Build.0 = Release|Win32
		{F015990E-A22C-4A08-B958-6D8F344A63EE}.Debug|x64.ActiveCfg = Debug|x64
		{F015990E-A22C-4A08-B958-6D8F344A63EE}.Debug|x64.Build.0 = Debug|x64
		{F015990E-A22C-4A08-B958-6D8F344A63EE}.Debug|x86.ActiveCfg = Debug|Win32
		{F015990E-A22C-4A08-B958-6D8F344A63EE}.Debug|x86.Build.0 = Debug|Win32
		{F015990E-A22C-4A08-B958-6D8F344A63EE}.Release|x64.ActiveCfg = Release|x64
		{F015990E-A22C-4A08-B958-6D8F344A63EE}.Release|x64.Build.0 = Release|x64
		{F015990E-A22C-4A08-B958-6D8F344A63EE}.Release|x86.ActiveCfg = Release|Win32
		{F015990E-A22C-4A08-B958-6D8F344A63EE}.Release|x86.Build.0 = Release|Win32
		{9A7296EE-0079-406F-99C8-0BED1CB81FB0}.Debug|x64.ActiveCfg = Debug|x64
		{9A7296EE-0079-406F-99C8-0BED1CB81FB0}.Debug|x64.Build.0 = Debug|x64
		{9A7296EE-0079-406F-99C8-0BED1CB81FB0}.Debug|x86.ActiveCfg = Debug|Win32
		{9A7296EE-0079-406F-99C8-0BED1CB81FB0}.Debug|x86.Build.0 = Debug|Win32
		{9A7296EE-0079-406F-99C8-0BED1CB81FB0}.Release|x64.ActiveCfg = Release|x64
		{9A7296EE-0079-406F-99C8-0BED1CB81FB0}.Release|x64.Build.0 = Release|x64
		{9A7296EE-0079-406F-99C8-0BED1CB81FB0}.Release|x86.ActiveCfg = Release|Win32
		{9A7296EE-0079-406F-99C8-0BED1CB81FB0}.Release|x86.Build.0 = Release|Win32
		{DC173EEA-61B6-427E-A917-5E06CD4F4B41}.Debug|x64.ActiveCfg = Debug|x64
		{DC173EEA-61B6-427E-A917-5E06CD4F4B41}.Debug|x64.Build.0 = Debug|x64
		{DC173EEA-61B6-427E-A917-5E06CD4F4B41}.Debug|x86.ActiveCfg = Debug|Win32
		{DC173EEA-61B6-427E-A917-5E06CD4F4B41}.Debug|x86.Build.0 = Debug|Win32
		{DC173EEA-61B6-427E-A917-5E06CD4F4B41}.Release|x64.ActiveCfg = Release|x64
		{DC173EEA-61B6-427E-A917-5E06CD4F4B41}.Release|x64.Build.0 = Release|x64
		{DC173EEA-61B6-427E-A917-5E06CD4F4B41}.Release|x86.ActiveCfg = Release|Win32
		{DC173EEA-61B6-427E-A917-5E06CD4F4B41}.Release|x86.Build.0 = Release|Win32
		{79E68182-77DB-4462-84EB-6BAED214208E}.Debug|x64.ActiveCfg = Debug|x64
		{79E68182-77DB-4462-84EB-6BAED214208E}.Debug|x64.Build.0 = Debug|x64
		{79E68182-77DB-4462-84EB-6BAED214208E}.Debug|x86.ActiveCfg = Debug|Win32
		{79E68182-77DB-4462-84EB-6BAED214208E}.Debug|x86.Build.0 = Debug|Win32
		{79E68182-77DB-4462-84EB-6BAED214208E}.Release|x64.ActiveCfg = Release|x64
		{79E68182-77DB-4462-84EB-6BAED214208E}.Release|x64.Build.0 = Release|x64
		{79E68182-77DB-4462-84EB-6BAED214208E}.Release|x86.ActiveCfg = Release|Win32
		{79E68182-77DB-4462-84EB-6BAED214208E}.Release|x86.Build.0 = Release|Win32
		{637EF9C6-141B-49C5-9E71-964C76C9165B}.Debug|x64.ActiveCfg = Debug|x64
		{637EF9C6-141B-49C5-9E71-964C76C9165B}.Debug|x64.Build.0 = Debug|x64
		{637EF9C6-141B-49C5-9E71-964C76C9165B}.Debug|x86.ActiveCfg = Debug|Win32
		{637EF9C6-141B-49C5-9E71-964C76C9165B}.Debug|x86.Build.0 = Debug|Win32
		{637EF9C6-141B-49C5-9E71-964C76C9165B}.Release|x64.ActiveCfg = Release|x64
		{637EF9C6-141B-49C5-9E71-964C76C9165B}.Release|x64.Build.0 = Release|x64
		{637EF9C6-141B-49C5-9E71-964C76C9165B}.Release|x86.ActiveCfg = Release|Win32
		{637EF9C6-141B-49C5-9E71-964C76C9165B}.Release|x86.Build.0 = Release|Win32
		{4B9CCF2F-29E9-4916-BAEC-C3EBD41B5FDA}.Debug|x64.ActiveCfg = Debug|x64
		{4B9CCF2F-29E9-4916-BAEC-C3EBD41B5FDA}.Debug|x64.Build.0 = Debug|x64
		{4B9CCF2F-29E9-4916-BAEC-C3EBD41B5FDA}.Debug|x86.ActiveCfg = Debug|Win32
		{4B9CCF2F-29E9-4916-BAEC-C3EBD41B5FDA}.Debug|x86.Build.0 = Debug|Win32
		{4B9CCF2F-29E9-4916-BAEC-C3EBD41B5FDA}.Release|x64.ActiveCfg = Release|x64
		{4B9CCF2F-29E9-4916-BAEC-C3EBD41B5FDA}.Release|x64.Build.0 = Release|x64
		{4B9CCF2F-29E9-4916-BAEC-C3EBD41B5FDA}.Release|x86.ActiveCfg = Release|Win32
		{4B9CCF2F-29E9-4916-BAEC-C3EBD41B5FDA}.Release|x86.Build.0 = Release|Win32
		{56A379A4-7E4E-4593-8E58-31AA3545997F}.Debug|x64.ActiveCfg = Debug|x64
		{56A379A4-7E4E-4593-8E58-31AA3545997F}.Debug|x64.Build.0 = Debug|x64
		{56A379A4-7E4E-4593-8E58-31AA3545997F}.Debug|x86.ActiveCfg = Debug|Win32
		{56A379A4-7E4E-4593-8E58-31AA3545997F}.Debug|x86.Build.0 = Debug|Win32
		{56A379A4-7E4E-4593-8E58-31AA3545997F}.Release|x64.ActiveCfg = Release|x64
		{56A379A4-7E4E-4593-8E58-31AA3545997F}.Release|x64.Build.0 = Release|x64
		{56A379A4-7E4E-4593-8E58-31AA3545997F}.Release|x86.ActiveCfg = Release|Win32
		{56A379A4-7E4E-4593-8E58-31AA3545997F}.Release|x86.Build.0 = Release|Win32
		{AEF54A36-8FCF-43A3-8057-010A0B1D4130}.Debug|x64.ActiveCfg = Debug|x64
		{AEF54A36-8FCF-43A3-8057-010A0B1D4130}.Debug|x64.Build.0 = Debug|x64
		{AEF54A36-8FCF-43A3-8057-010A0B1D4130}.Debug|x86.ActiveCfg = Debug|Win32
		{AEF54A36-8FCF-43A3-8057-010A0B1D4130}.Debug|x86.Build.0 = Debug|Win32
		{AEF54A36-8FCF-43A3-8057-010A0B1D4130}.Release|x64.ActiveCfg = Release|x64
		{AEF54A36-8FCF-43A3-8057-010A0B1D4130}.Release|x64.Build.0 = Release|x64
		{AEF54A36-8FCF-43A3-8057-010A0B1D4130}.Release|x86.ActiveCfg = Release|Win32
		{AEF54A36-8FCF-43A3-8057-010A0B1D4130}.Release|x86.Build.0 = Release|Win32
		{C78C27AC-EEAF-49BA-99F1-291CC55109D4}.Debug|x64.ActiveCfg = Debug|x64
		{C78C27AC-EEAF-49BA-99F1-291CC55109D4}.Debug|x64.Build.0 = Debug|x64
		{C78C27AC-EEAF-49BA-99F1-291CC55109D4}.Debug|x86.ActiveCfg = Debug|Win32
		{C78C27AC-EEAF-49BA-99F1-291CC55109D4}.Debug|x86.Build.0 = Debug|Win32
		{C78C27AC-EEAF-49BA-99F1-291CC55109D4}.Release|x64.ActiveCfg = Release|x64
		{C78C27AC-EEAF-49BA-99F1-291CC55109D4}.Release|x64.Build.0 = Release|x64
		{C78C27AC-EEAF-49BA-99F1-291CC55109D4}.Release|x86.ActiveCfg = Release|Win32
		{C78C27AC-EEAF-49BA-99F1-291CC55109D4}.Release|x86.Build.0 = Release|Win32
		{609822E6-057C-48AB-85E7-710B4C7BEADE}.Debug|x64.ActiveCfg = Debug|x64
		{609822E6-057C-48AB-85E7-710B4C7BEADE}.Debug|x64.Build.0 = Debug|x64
		{609822E6-057C-48AB-85E7-710B4C7BEADE}.Debug|x86.ActiveCfg = Debug|Win32
		{609822E6-057C-48AB-85E7-710B4C7BEADE}.Debug|x86.Build.0 = Debug|Win32
		{609822E6-057C-48AB-85E7-710B4C7BEADE}.Release|x64.ActiveCfg = Release|x64
		{609822E6-057C-48AB-85E7-710B4C7BEADE}.Release|x64.Build.0 = Release|x64
		{609822E6-057C-48AB-85E7-710B4C7BEADE}.Release|x86.ActiveCfg = Release|Win32
		{609822E6-057C-48AB-85E7-710B4C7BEADE}.Release|x86.Build.0 = Release|Win32
		{38FC8753-7F7B-4DB4-B625-B922BD743D59}.Debug|x64.ActiveCfg = Debug|x64
		{38FC8753-7F7B-4DB4-B625-B922BD743D59}.Debug|x64.Build.0 = Debug|x64
		{38FC8753-7F7B-4DB4-B625-B922BD743D59}.Debug|x86.ActiveCfg = Debug|Win32
		{38FC8753-7F7B-4DB4-B625-B922BD743D59}.Debug|x86.Build.0 = Debug|Win32
		{38FC8753-7F7B-4DB4-B625-B922BD743D59}.Release|x64.ActiveCfg = Release|x64
		{38FC8753-7F7B-4DB4-B625-B922BD743D59}.Release|x64.Build.0 = Release|x64
		{38FC8753-7F7B-4DB4-B625-B922BD743D59}.Release|x86.ActiveCfg = Release|Win32
		{38FC8753-7F7B-4DB4-B625-B922BD743D59}.Release|x86.Build.0 = Release|Win32
		{543205C0-9C6A-4A92-AC58-E37EBF0EA653}.Debug|x64.ActiveCfg = Debug|x64
		{543205C0-9C6A-4A92-AC58-E37EBF0EA653}.Debug|x64.Build.0 = Debug|x64
		{543205C0-9C6A-4A92-AC58-E37EBF0EA653}.Debug|x86.ActiveCfg = Debug|Win32
		{543205C0-9C6A-4A92-AC58-E37EBF0EA653}.Debug|x86.Build.0 = Debug|Win32
		{543205C0-9C6A-4A92-AC58-E37EBF0EA653}.Release|x64.ActiveCfg = Release|x64
		{543205C0-9C6A-4A92-AC58-E37EBF0EA653}.Release|x64.Build.0 = Release|x64
		{543205C0-9C6A-4A92-AC58-E37EBF0EA653}.Release|x86.ActiveCfg = Release|Win32
		{543205C0-9C6A-4A92-AC58-E37EBF0EA653}.Release|x86.Build.0 = Release|Win32
		{2A806089-9CD6-4DED-BA3A-1E6C11633E2C}.Debug|x64.ActiveCfg = Debug|x64
		{2A806089-9CD6-4DED-BA3A-1E6C11633E2C}.Debug|x64.Build.0 = Debug|x64
		{2A806089-9CD6-4DED-BA3A-1E6C11633E2C}.Debug|x86.ActiveCfg = Debug|Win32
		{2A806089-9CD6-4DED-BA3A-1E6C11633E2C}.Debug|x86.Build.0 = Debug|Win32
		{2A806089-9CD6-4DED-BA3A-1E6C11633E2C}.Release|x64.ActiveCfg = Release|x64
		{2A806089-9CD6-4DED-BA3A-1E6C11633E2C}.Release|x64.Build.0 = Release|x64
		{2A806089-9CD6-4DED-BA3A-1E6C11633E2C}.Release|x86.ActiveCfg = Release|Win32
		{2A806089-9CD6-4DED-BA3A-1E6C11633E2C}.Release|x86.Build.0 = Release|Win32
		{0AF4D02B-AB5F-4D14-A98D-987E69E21616}.Debug|x64.ActiveCfg = Debug|x64
		{0AF4D02B-AB5F-4D14-A98D-987E69E21616}.Debug|x64.Build.0 = Debug|x64
		{0AF4D02B-AB5F-4D14-A98D-987E69E21616}.Debug|x86.ActiveCfg = Debug|Win32
		{0AF4D02B-AB5F-4D14-A98D-987E69E21616}.Debug|x86.Build.0 = Debug|Win32
		{0AF4D02B-AB5F-4D14-A98D-987E69E21616}.Release|x64.ActiveCfg = Release|x64
		{0AF4D02B-AB5F-4D14-A98D-987E69E21616}.Release|x64.Build.0 = Release|x64
		{0AF4D02B-AB5F-4D14-A98D-987E69E21616}.Release|x86.ActiveCfg = Release|Win32
		{0AF4D02B-AB5F-4D14-A98D-987E69E21616}.Release|x86.Build.0 = Release|Win32
		{4AFE3D07-8769-4760-9F65-66CDC8D279B0}.Debug|x64.ActiveCfg = Debug|x64
		{4AFE3D07-8769-4760-9F65-66CDC8D279B0}.Debug|x64.Build.0 = Debug|x64
		{4AFE3D07-8769-4760-9F65-66CDC8D279B0}.Debug|x86.ActiveCfg = Debug|Win32
		{4AFE3D07-8769-4760-9F65-66CDC8D279B0}.Debug|x86.Build.0 = Debug|Win32
		{4AFE3D07-8769-4760-9F65-66CDC8D279B0}.Release|x64.ActiveCfg = Release|x64
		{4AFE3D07-8769-4760-9F65-66CDC8D279B0}.Release|x64.Build.0 = Release|x64
		{4AFE3D07-8769-4760-9F65-66CDC8D279B0}.Release|x86.ActiveCfg = Release|Win32
		{4AFE3D07-8769-4760-9F65-66CDC8D279B0}.Release|x86.Build.0 = Release|Win32
		{1DC6F2D1-E5C7-4440-939F-D187AE959BF0}.Debug|x64.ActiveCfg = Debug|x64
		{1DC6F2D1-E5C7-4440-939F-D187AE959BF0}.Debug|x64.Build.0 = Debug|x64
		{1DC6F2D1-E5C7-4440-939F-D187AE959BF0}.Debug|x86.ActiveCfg = Debug|Win32
		{1DC6F2D1-E5C7-4440-939F-D187AE959BF0}.Debug|x86.Build.0 = Debug|Win32
		{1DC6F2D1-E5C7-4440-939F-D187AE959BF0}.Release|x64.ActiveCfg = Release|x64
		{1DC6F2D1-E5C7-4440-939F-D187AE959BF0}.Release|x64.Build.0 = Release|x64
		{1DC6F2D1-E5C7-4440-939F-D187AE959BF0}.Release|x86.ActiveCfg = Release|Win32
		{1DC6F2D1-E5C7-4440-939F-D187AE959BF0}.Release|x86.Build.0 = Release|Win32
		{34C8BA52-3727-465F-B06F-BF090A1657A0}.Debug|x64.ActiveCfg = Debug|x64
		{34C8BA52-3727-465F-B06F-BF090A1657A0}.Debug|x64.Build.0 = Debug|x64
		{34C8BA52-3727-465F-B06F-BF090A1657A0}.Debug|x86.ActiveCfg = Debug|Win32
		{34C8BA52-3727-465F-B06F-BF090A1657A0}.Debug|x86.Build.0 = Debug|Win32
		{34C8BA52-3727-465F-B06F-BF090A1657A0}.Release|x64.ActiveCfg = Release|x64
		{34C8BA52-3727-465F-B06F-BF090A1657A0}.Release|x64.Build.0 = Release|x64
		{34C8BA52-3727-465F-B06F-BF090A1657A0}.Release|x86.ActiveCfg = Release|Win32
		{34C8BA52-3727-465F-B06F-BF090A1657A0}.Release|x86.Build.0 = Release|Win32
		{6B33437A-5C9E-4148-AD26-6BEAE486AE13}.Debug|x64.ActiveCfg = Debug|x64
		{6B33437A-5C9E-4148-AD26-6BEAE486AE13}.Debug|x64.Build.0 = Debug|x64
		{6B33437A-5C9E-4148-AD26-6BEAE486AE13}.Debug|x86.ActiveCfg = Debug|Win32
		{6B33437A-5C9E-4148-AD26-6BEAE486AE13}.Debug|x86.Build.0 = Debug|Win32
		{6B33437A-5C9E-4148-AD26-6BEAE486AE13}.Release|x64.ActiveCfg = Release|x64
		{6B33437A-5C9E-4148-AD26-6BEAE486AE13}.Release|x64.Build.0 = Release|x64
		{6B33437A-5C9E-4148-AD26-6BEAE486AE13}.Release|x86.ActiveCfg = Release|Win32
		{6B33437A-5C9E-4148-AD26-6BEAE486AE13}.Release|x86.Build.0 = Release|Win32
		{83CE5BF0-D679-4BC3-AE73-144FC405C5C7}.Debug|x64.ActiveCfg = Debug|x64
		{83CE5BF0-D679-4BC3-AE73-144FC405C5C7}.Debug|x64.Build.0 = Debug|x64
		{83CE5BF0-D679-4BC3-AE73-144FC405C5C7}.Debug|x86.ActiveCfg = Debug|Win32
		{83CE5BF0-D679-4BC3-AE73-144FC405C5C7}.Debug|x86.Build.0 = Debug|Win32
		{83CE5BF0-D679-4BC3-AE73-144FC405C5C7}.Release|x64.ActiveCfg = Release|x64
		{83CE5BF0-D679-4BC3-AE73-144FC405C5C7}.Release|x64.Build.0 = Release|x64
		{83CE5BF0-D679-4BC3-AE73-144FC405C5C7}.Release|x86.ActiveCfg = Release|Win32
		{83CE5BF0-D679-4BC3-AE73-144FC405C5C7}.Release|x86.Build.0 = Release|Win32
		{F3FFD3F0-2A14-4B53-9600-0BEF019E2FE0}.Debug|x64.ActiveCfg = Debug|x64
		{F3FFD3F0-2A14-4B53-9600-0BEF019E2FE0}.Debug|x64.Build.0 = Debug|x64
		{F3FFD3F0-2A14-4B53-9600-0BEF019E2FE0}.Debug|x86.ActiveCfg = Debug|Win32
		{F3FFD3F0-2A14-4B53-9600-0BEF019E2FE0}.Debug|x86.Build.0 = Debug|Win32
		{F3FFD3F0-2A14-4B53-9600-0BEF019E2FE0}.Release|x64.ActiveCfg = Release|x64
		{F3FFD3F0-2A14-4B53-9600-0BEF019E2FE0}.Release|x64.Build.0 = Release|x64
		{F3FFD3F0-2A14-4B53-9600-0BEF019E2FE0}.Release|x86.ActiveCfg = Release|Win32
		{F3FFD3F0-2A14-4B53-9600-0BEF019E2FE0}.Release|x86.Build.0 = Release|Win32
	EndGlobalSection
	GlobalSection(SolutionProperties) = preSolution
		HideSolutionNode = FALSE
	EndGlobalSection
	GlobalSection(NestedProjects) = preSolution
		{471AC9C8-F21C-40EE-B814-A6D8AF9C9FEC} = {C2923688-D97A-4618-81A3-32E531C6545E}
		{30B0539C-1D58-45A1-8319-36B96BB08811} = {9AB042BA-A5CF-4811-BDF8-4E710A8E77E3}
		{97D104A2-F861-4B5C-B36A-5DFD561338BC} = {9A8CF494-CAB5-49C2-A3C5-7FD7015C2CFD}
		{3D00680A-E304-4215-8B5F-63A78154B52F} = {A41E736A-2CBC-49D7-9FB8-2D05D70EAF31}
		{2DF4B91C-E6B2-404B-99ED-A78D32576283} = {C2923688-D97A-4618-81A3-32E531C6545E}
		{5DCBF63D-FB85-4E27-8C82-CD6809FC6AC6} = {C2923688-D97A-4618-81A3-32E531C6545E}
		{F015990E-A22C-4A08-B958-6D8F344A63EE} = {C2923688-D97A-4618-81A3-32E531C6545E}
		{9A7296EE-0079-406F-99C8-0BED1CB81FB0} = {C2923688-D97A-4618-81A3-32E531C6545E}
		{DC173EEA-61B6-427E-A917-5E06CD4F4B41} = {C2923688-D97A-4618-81A3-32E531C6545E}
		{79E68182-77DB-4462-84EB-6BAED214208E} = {C2923688-D97A-4618-81A3-32E531C6545E}
		{637EF9C6-141B-49C5-9E71-964C76C9165B} = {C2923688-D97A-4618-81A3-32E531C6545E}
		{4B9CCF2F-29E9-4916-BAEC-C3EBD41B5FDA} = {C2923688-D97A-4618-81A3-32E531C6545E}
		{56A379A4-7E4E-4593-8E58-31AA3545997F} = {9AB042BA-A5CF-4811-BDF8-4E710A8E77E3}
		{AEF54A36-8FCF-43A3-8057-010A0B1D4130} = {9AB042BA-A5CF-4811-BDF8-4E710A8E77E3}
		{C78C27AC-EEAF-49BA-99F1-291CC55109D4} = {9AB042BA-A5CF-4811-BDF8-4E710A8E77E3}
		{609822E6-057C-48AB-85E7-710B4C7BEADE} = {9AB042BA-A5CF-4811-BDF8-4E710A8E77E3}
		{38FC8753-7F7B-4DB4-B625-B922BD743D59} = {9AB042BA-A5CF-4811-BDF8-4E710A8E77E3}
		{543205C0-9C6A-4A92-AC58-E37EBF0EA653} = {9A8CF494-CAB5-49C2-A3C5-7FD7015C2CFD}
		{2A806089-9CD6-4DED-BA3A-1E6C11633E2C} = {9A8CF494-CAB5-49C2-A3C5-7FD7015C2CFD}
		{0AF4D02B-AB5F-4D14-A98D-987E69E21616} = {9A8CF494-CAB5-49C2-A3C5-7FD7015C2CFD}
		{4AFE3D07-8769-4760-9F65-66CDC8D279B0} = {A41E736A-2CBC-49D7-9FB8-2D05D70EAF31}
		{1DC6F2D1-E5C7-4440-939F-D187AE959BF0} = {A41E736A-2CBC-49D7-9FB8-2D05D70EAF31}
		{34C8BA52-3727-465F-B06F-BF090A1657A0} = {D7DA6A3B-FAA0-44E2-96D5-10C2FA693D38}
		{6B33437A-5C9E-4148-AD26-6BEAE486AE13} = {D7DA6A3B-FAA0-44E2-96D5-10C2FA693D38}
		{83CE5BF0-D679-4BC3-AE73-144FC405C5C7} = {D7DA6A3B-FAA0-44E2-96D5-10C2FA693D38}
		{F3FFD3F0-2A14-4B53-9600-0BEF019E2FE0} = {8A121180-755B-4AA9-AEFC-929F5263327C}
	EndGlobalSection
	GlobalSection(ExtensibilityGlobals) = postSolution
		SolutionGuid = {390C5AF7-EF73-4B4F-96E9-993E37255701}
	EndGlobalSection
EndGlobal
